{
  "version": 4,
  "terraform_version": "1.6.4",
  "serial": 380,
  "lineage": "9b67eb89-e044-5f51-0138-fbc1b636ea3b",
  "outputs": {
    "ips": {
      "value": [
        [
          "192.168.5.180"
        ],
        [
          "192.168.5.181"
        ]
      ],
      "type": [
        "tuple",
        [
          [
            "list",
            "string"
          ],
          [
            "list",
            "string"
          ]
        ]
      ]
    }
  },
  "resources": [
    {
      "mode": "managed",
      "type": "libvirt_cloudinit_disk",
      "name": "commoninit",
      "provider": "provider[\"registry.terraform.io/dmacvicar/libvirt\"]",
      "instances": [
        {
          "index_key": 0,
          "schema_version": 0,
          "attributes": {
            "id": "/var/lib/libvirt/images/node1-centos-commoninit.iso;0a17451d-8a30-41da-9555-c1d6157d9078",
            "meta_data": "",
            "name": "node1-centos-commoninit.iso",
            "network_config": "",
            "pool": "default",
            "user_data": "#cloud-config\nhostname: node1-centos\nfqdn: node1-centos.k8s.lab\nmanage_etc_hosts: true\nusers:\n  - name: automation\n    sudo: ALL=(ALL) NOPASSWD:ALL\n    groups: users, admin\n    home: /home/automation\n    shell: /bin/bash\n    lock_passwd: false\n    # please use your own public key\n    ssh-authorized-keys:\n      - ssh-rsa AAAAB3NzaC1yc2EAAAADAQABAAABgQC6L1Q/wjcPU8KWU7ksU99CioFO4Z3SXSb+hoSJOZr/ti8FmrAr+ne5ctcHUI66K0hXRqrXNeyWFm9PGzfhiBXOhBi7QG/G0kgtn4j4tdB6x8Zz1rZtD3qHDgCs8MpKRp9WtCisWUDj0tKHQ8Fn8rTxiCTC6oQVhApndlrRicgWk9p7gq0JYhGA+UmLWLSBa6GjpsAvYVtaBXZdssM4ePndAvdATZRrofSDiN9T6AT5SCQbKvOrgmjtvgiw4DXIp1zt5muNaHrRzh+xpuEdKa0qc7AbbvdE7Mc+ECfftqK8A/TwJJcIjmHpQEdMYN6aSPOZlIqMLjtslmgEzGgu1CNkU7Uq+4n8ramgCzakXCoSX95n3MQvGDT0oXAZvAPs3awMhEKtlAgJsfKax8ES2FbY2Z1REgSLWHi7Dq+ZvSFIDTUvASyIo39o2mdtoMDFjTAD/eDPGtAy8lXiRFQzgkHBNK8UbG3ZuMC89wq2XzJ1u1gUFmhljdD4SIK9xrxKlU8= dunix@nexus\n\ndisable_root: false\n# ssh_pwauth: false\nchpasswd:\n  expire: false\n  users:\n    - default\n    - name: automation\n      password: devops\n      type: text\n# run yum upgrade\npackage_update: true\npackage_upgrade: true\n# install repo for kubectl\nyum_repos:\n  # The name of the repository\n  kubernetes:\n    baseurl: https://packages.cloud.google.com/yum/repos/kubernetes-el7-\\$basearch\n    enabled: true\n    gpgcheck: true\n    gpgkey: https://packages.cloud.google.com/yum/doc/rpm-package-key.gpg\n    exclude: kubelet kubeadm kubectl\n    name: Kubernetes\n    failovermethod: priority\n  dockerce:\n    name: Docker CE Stable\n    baseurl: https://download.docker.com/linux/centos/$releasever/\\$basearch/stable\n    enabled: true\n    gpgcheck: true\n    gpgkey: https://download.docker.com/linux/centos/gpg\n# letting iptables see bridge\nwrite_files:\n  - content: |\n      net.bridge.bridge-nf-call-ip6tables = 1\n      net.ipv4.ip_forward                 = 1\n      net.bridge.bridge-nf-call-iptables = 1\n    path: /etc/sysctl.d/k8s.conf\n  - content: |\n      overlay\n      br_netfilter\n    path: /etc/modules-load.d/k8s.conf\n# install packages\npackages:\n  - qemu-guest-agent\n  - libguestfs-tools\n  - bash-completion\n  - vim\n  - wget\n  # for docker\n  - yum-utils\n  - docker-ce\n  - docker-ce-cli\n  - containerd.io\n  - docker-compose-plugin\nruncmd: \n  - systemctl start docker\n  - systemctl enable docker\n  # Set SELinux in permissive mode (effectively disabling it)\n  - sudo setenforce 0\n  - sudo sed -i 's/^SELINUX=enforcing$/SELINUX=permissive/' /etc/selinux/config\n  # Loading k8s modules  \n  - sudo modprobe overlay\n  - sudo modprobe br_netfilter\n  # Disabling swap on nodes\n  - sudo sed -i '/ swap / s/^\\(.*\\)$/#\\1/g' /etc/fstab \u0026\u0026 sudo swapoff -a\n  # install kubectl\n  # https://kubernetes.io/docs/tasks/tools/install-kubectl/\n  - sudo yum install -y kubelet kubeadm kubectl --disableexcludes=kubernetes\n  - sudo systemctl enable --now kubelet\n  # Apply sysctl params without reboot\n  - sudo sysctl --system\n  - sudo sed -i 's/cri//' /etc/containerd/config.toml\n  - sudo systemctl restart containerd\n\n# Upon exit, this module writes /var/lib/cloud/instance/boot-finished\nfinal_message: |\n  cloud-init has finished\n  version: $version\n  timestamp: $timestamp\n  datasource: $datasource\n  uptime: $uptime"
          },
          "sensitive_attributes": [],
          "private": "bnVsbA=="
        },
        {
          "index_key": 1,
          "schema_version": 0,
          "attributes": {
            "id": "/var/lib/libvirt/images/node2-centos-commoninit.iso;c49e8f34-db57-4965-b646-abf811d26df7",
            "meta_data": "",
            "name": "node2-centos-commoninit.iso",
            "network_config": "",
            "pool": "default",
            "user_data": "#cloud-config\nhostname: node2-centos\nfqdn: node2-centos.k8s.lab\nmanage_etc_hosts: true\nusers:\n  - name: automation\n    sudo: ALL=(ALL) NOPASSWD:ALL\n    groups: users, admin\n    home: /home/automation\n    shell: /bin/bash\n    lock_passwd: false\n    # please use your own public key\n    ssh-authorized-keys:\n      - ssh-rsa AAAAB3NzaC1yc2EAAAADAQABAAABgQC6L1Q/wjcPU8KWU7ksU99CioFO4Z3SXSb+hoSJOZr/ti8FmrAr+ne5ctcHUI66K0hXRqrXNeyWFm9PGzfhiBXOhBi7QG/G0kgtn4j4tdB6x8Zz1rZtD3qHDgCs8MpKRp9WtCisWUDj0tKHQ8Fn8rTxiCTC6oQVhApndlrRicgWk9p7gq0JYhGA+UmLWLSBa6GjpsAvYVtaBXZdssM4ePndAvdATZRrofSDiN9T6AT5SCQbKvOrgmjtvgiw4DXIp1zt5muNaHrRzh+xpuEdKa0qc7AbbvdE7Mc+ECfftqK8A/TwJJcIjmHpQEdMYN6aSPOZlIqMLjtslmgEzGgu1CNkU7Uq+4n8ramgCzakXCoSX95n3MQvGDT0oXAZvAPs3awMhEKtlAgJsfKax8ES2FbY2Z1REgSLWHi7Dq+ZvSFIDTUvASyIo39o2mdtoMDFjTAD/eDPGtAy8lXiRFQzgkHBNK8UbG3ZuMC89wq2XzJ1u1gUFmhljdD4SIK9xrxKlU8= dunix@nexus\n\ndisable_root: false\n# ssh_pwauth: false\nchpasswd:\n  expire: false\n  users:\n    - default\n    - name: automation\n      password: devops\n      type: text\n# run yum upgrade\npackage_update: true\npackage_upgrade: true\n# install repo for kubectl\nyum_repos:\n  # The name of the repository\n  kubernetes:\n    baseurl: https://packages.cloud.google.com/yum/repos/kubernetes-el7-\\$basearch\n    enabled: true\n    gpgcheck: true\n    gpgkey: https://packages.cloud.google.com/yum/doc/rpm-package-key.gpg\n    exclude: kubelet kubeadm kubectl\n    name: Kubernetes\n    failovermethod: priority\n  dockerce:\n    name: Docker CE Stable\n    baseurl: https://download.docker.com/linux/centos/$releasever/\\$basearch/stable\n    enabled: true\n    gpgcheck: true\n    gpgkey: https://download.docker.com/linux/centos/gpg\n# letting iptables see bridge\nwrite_files:\n  - content: |\n      net.bridge.bridge-nf-call-ip6tables = 1\n      net.ipv4.ip_forward                 = 1\n      net.bridge.bridge-nf-call-iptables = 1\n    path: /etc/sysctl.d/k8s.conf\n  - content: |\n      overlay\n      br_netfilter\n    path: /etc/modules-load.d/k8s.conf\n# install packages\npackages:\n  - qemu-guest-agent\n  - libguestfs-tools\n  - bash-completion\n  - vim\n  - wget\n  # for docker\n  - yum-utils\n  - docker-ce\n  - docker-ce-cli\n  - containerd.io\n  - docker-compose-plugin\nruncmd: \n  - systemctl start docker\n  - systemctl enable docker\n  # Set SELinux in permissive mode (effectively disabling it)\n  - sudo setenforce 0\n  - sudo sed -i 's/^SELINUX=enforcing$/SELINUX=permissive/' /etc/selinux/config\n  # Loading k8s modules  \n  - sudo modprobe overlay\n  - sudo modprobe br_netfilter\n  # Disabling swap on nodes\n  - sudo sed -i '/ swap / s/^\\(.*\\)$/#\\1/g' /etc/fstab \u0026\u0026 sudo swapoff -a\n  # install kubectl\n  # https://kubernetes.io/docs/tasks/tools/install-kubectl/\n  - sudo yum install -y kubelet kubeadm kubectl --disableexcludes=kubernetes\n  - sudo systemctl enable --now kubelet\n  # Apply sysctl params without reboot\n  - sudo sysctl --system\n  - sudo sed -i 's/cri//' /etc/containerd/config.toml\n  - sudo systemctl restart containerd\n\n# Upon exit, this module writes /var/lib/cloud/instance/boot-finished\nfinal_message: |\n  cloud-init has finished\n  version: $version\n  timestamp: $timestamp\n  datasource: $datasource\n  uptime: $uptime"
          },
          "sensitive_attributes": [],
          "private": "bnVsbA=="
        }
      ]
    },
    {
      "mode": "managed",
      "type": "libvirt_domain",
      "name": "nodes",
      "provider": "provider[\"registry.terraform.io/dmacvicar/libvirt\"]",
      "instances": [
        {
          "index_key": 0,
          "schema_version": 0,
          "attributes": {
            "arch": "x86_64",
            "autostart": false,
            "boot_device": [],
            "cloudinit": "/var/lib/libvirt/images/node1-centos-commoninit.iso;0a17451d-8a30-41da-9555-c1d6157d9078",
            "cmdline": [],
            "console": [
              {
                "source_host": "127.0.0.1",
                "source_path": "",
                "source_service": "0",
                "target_port": "0",
                "target_type": "serial",
                "type": "pty"
              },
              {
                "source_host": "127.0.0.1",
                "source_path": "",
                "source_service": "0",
                "target_port": "1",
                "target_type": "virtio",
                "type": "pty"
              }
            ],
            "coreos_ignition": null,
            "cpu": [
              {
                "mode": "custom"
              }
            ],
            "description": "",
            "disk": [
              {
                "block_device": "",
                "file": "",
                "scsi": false,
                "url": "",
                "volume_id": "/var/lib/libvirt/images/volume-0",
                "wwn": ""
              }
            ],
            "emulator": "/usr/bin/qemu-system-x86_64",
            "filesystem": [],
            "firmware": null,
            "fw_cfg_name": "opt/com.coreos/config",
            "graphics": [
              {
                "autoport": true,
                "listen_address": "127.0.0.1",
                "listen_type": "address",
                "type": "vnc",
                "websocket": 0
              }
            ],
            "id": "fd8f44a2-2c8d-4031-a524-f43137357493",
            "initrd": "",
            "kernel": "",
            "machine": "pc",
            "memory": 2048,
            "metadata": null,
            "name": "node1-centos",
            "network_interface": [
              {
                "addresses": [
                  "192.168.5.180"
                ],
                "bridge": "",
                "hostname": "node1-centos",
                "mac": "52:54:00:82:C4:FD",
                "macvtap": "",
                "network_id": "00ce4922-454c-43a2-88b0-d5fdc0a9339e",
                "network_name": "kubernetes",
                "passthrough": "",
                "vepa": "",
                "wait_for_lease": true
              }
            ],
            "nvram": [],
            "qemu_agent": true,
            "running": true,
            "timeouts": null,
            "tpm": [],
            "type": "kvm",
            "vcpu": 2,
            "video": [],
            "xml": []
          },
          "sensitive_attributes": [],
          "private": "eyJlMmJmYjczMC1lY2FhLTExZTYtOGY4OC0zNDM2M2JjN2M0YzAiOnsiY3JlYXRlIjozMDAwMDAwMDAwMDB9fQ==",
          "dependencies": [
            "libvirt_cloudinit_disk.commoninit",
            "libvirt_network.kube_net",
            "libvirt_volume.os_image",
            "libvirt_volume.volume"
          ]
        },
        {
          "index_key": 1,
          "schema_version": 0,
          "attributes": {
            "arch": "x86_64",
            "autostart": false,
            "boot_device": [],
            "cloudinit": "/var/lib/libvirt/images/node2-centos-commoninit.iso;c49e8f34-db57-4965-b646-abf811d26df7",
            "cmdline": [],
            "console": [
              {
                "source_host": "127.0.0.1",
                "source_path": "",
                "source_service": "0",
                "target_port": "0",
                "target_type": "serial",
                "type": "pty"
              },
              {
                "source_host": "127.0.0.1",
                "source_path": "",
                "source_service": "0",
                "target_port": "1",
                "target_type": "virtio",
                "type": "pty"
              }
            ],
            "coreos_ignition": null,
            "cpu": [
              {
                "mode": "custom"
              }
            ],
            "description": "",
            "disk": [
              {
                "block_device": "",
                "file": "",
                "scsi": false,
                "url": "",
                "volume_id": "/var/lib/libvirt/images/volume-1",
                "wwn": ""
              }
            ],
            "emulator": "/usr/bin/qemu-system-x86_64",
            "filesystem": [],
            "firmware": null,
            "fw_cfg_name": "opt/com.coreos/config",
            "graphics": [
              {
                "autoport": true,
                "listen_address": "127.0.0.1",
                "listen_type": "address",
                "type": "vnc",
                "websocket": 0
              }
            ],
            "id": "784a9813-cdeb-41df-a8e9-3a0d8453ca9f",
            "initrd": "",
            "kernel": "",
            "machine": "pc",
            "memory": 2048,
            "metadata": null,
            "name": "node2-centos",
            "network_interface": [
              {
                "addresses": [
                  "192.168.5.181"
                ],
                "bridge": "",
                "hostname": "node2-centos",
                "mac": "52:54:00:A6:1F:34",
                "macvtap": "",
                "network_id": "00ce4922-454c-43a2-88b0-d5fdc0a9339e",
                "network_name": "kubernetes",
                "passthrough": "",
                "vepa": "",
                "wait_for_lease": true
              }
            ],
            "nvram": [],
            "qemu_agent": true,
            "running": true,
            "timeouts": null,
            "tpm": [],
            "type": "kvm",
            "vcpu": 2,
            "video": [],
            "xml": []
          },
          "sensitive_attributes": [],
          "private": "eyJlMmJmYjczMC1lY2FhLTExZTYtOGY4OC0zNDM2M2JjN2M0YzAiOnsiY3JlYXRlIjozMDAwMDAwMDAwMDB9fQ==",
          "dependencies": [
            "libvirt_cloudinit_disk.commoninit",
            "libvirt_network.kube_net",
            "libvirt_volume.os_image",
            "libvirt_volume.volume"
          ]
        }
      ]
    },
    {
      "mode": "managed",
      "type": "libvirt_network",
      "name": "kube_net",
      "provider": "provider[\"registry.terraform.io/dmacvicar/libvirt\"]",
      "instances": [
        {
          "schema_version": 0,
          "attributes": {
            "addresses": [
              "192.168.5.0/24"
            ],
            "autostart": false,
            "bridge": "virbr2",
            "dhcp": [
              {
                "enabled": true
              }
            ],
            "dns": [
              {
                "enabled": true,
                "forwarders": [],
                "hosts": [],
                "local_only": false,
                "srvs": []
              }
            ],
            "dnsmasq_options": [],
            "domain": "k8s.lab",
            "id": "00ce4922-454c-43a2-88b0-d5fdc0a9339e",
            "mode": "nat",
            "mtu": null,
            "name": "kubernetes",
            "routes": [],
            "xml": []
          },
          "sensitive_attributes": [],
          "private": "bnVsbA=="
        }
      ]
    },
    {
      "mode": "managed",
      "type": "libvirt_volume",
      "name": "os_image",
      "provider": "provider[\"registry.terraform.io/dmacvicar/libvirt\"]",
      "instances": [
        {
          "schema_version": 0,
          "attributes": {
            "base_volume_id": null,
            "base_volume_name": null,
            "base_volume_pool": null,
            "format": "qcow2",
            "id": "/var/lib/libvirt/images/os_image",
            "name": "os_image",
            "pool": "default",
            "size": 8589934592,
            "source": "https://cloud.centos.org/centos/7/images/CentOS-7-x86_64-GenericCloud-2111.qcow2",
            "xml": []
          },
          "sensitive_attributes": [],
          "private": "bnVsbA=="
        }
      ]
    },
    {
      "mode": "managed",
      "type": "libvirt_volume",
      "name": "volume",
      "provider": "provider[\"registry.terraform.io/dmacvicar/libvirt\"]",
      "instances": [
        {
          "index_key": 0,
          "schema_version": 0,
          "attributes": {
            "base_volume_id": "/var/lib/libvirt/images/os_image",
            "base_volume_name": null,
            "base_volume_pool": null,
            "format": "qcow2",
            "id": "/var/lib/libvirt/images/volume-0",
            "name": "volume-0",
            "pool": "default",
            "size": 8589934592,
            "source": null,
            "xml": []
          },
          "sensitive_attributes": [],
          "private": "bnVsbA==",
          "dependencies": [
            "libvirt_volume.os_image"
          ]
        },
        {
          "index_key": 1,
          "schema_version": 0,
          "attributes": {
            "base_volume_id": "/var/lib/libvirt/images/os_image",
            "base_volume_name": null,
            "base_volume_pool": null,
            "format": "qcow2",
            "id": "/var/lib/libvirt/images/volume-1",
            "name": "volume-1",
            "pool": "default",
            "size": 8589934592,
            "source": null,
            "xml": []
          },
          "sensitive_attributes": [],
          "private": "bnVsbA==",
          "dependencies": [
            "libvirt_volume.os_image"
          ]
        }
      ]
    }
  ],
  "check_results": null
}
